
Microsoft Visual Studio Solution File, Format Version 12.00
# Visual Studio Version 16
VisualStudioVersion = 16.0.29503.13
MinimumVisualStudioVersion = 10.0.40219.1
Project("{8BC9CEB8-8B4A-11D0-8D11-00A0C91BC942}") = "leetcode27", "leetcode27.vcxproj", "{C1076BAB-5E91-4581-9306-F79F0D8907C7}"
EndProject
Global
	GlobalSection(SolutionConfigurationPlatforms) = preSolution
		Debug|x64 = Debug|x64
		Debug|x86 = Debug|x86
		Release|x64 = Release|x64
		Release|x86 = Release|x86
	EndGlobalSection
	GlobalSection(ProjectConfigurationPlatforms) = postSolution
		{C1076BAB-5E91-4581-9306-F79F0D8907C7}.Debug|x64.ActiveCfg = Debug|x64
		{C1076BAB-5E91-4581-9306-F79F0D8907C7}.Debug|x64.Build.0 = Debug|x64
		{C1076BAB-5E91-4581-9306-F79F0D8907C7}.Debug|x86.ActiveCfg = Debug|Win32
		{C1076BAB-5E91-4581-9306-F79F0D8907C7}.Debug|x86.Build.0 = Debug|Win32
		{C1076BAB-5E91-4581-9306-F79F0D8907C7}.Release|x64.ActiveCfg = Release|x64
		{C1076BAB-5E91-4581-9306-F79F0D8907C7}.Release|x64.Build.0 = Release|x64
		{C1076BAB-5E91-4581-9306-F79F0D8907C7}.Release|x86.ActiveCfg = Release|Win32
		{C1076BAB-5E91-4581-9306-F79F0D8907C7}.Release|x86.Build.0 = Release|Win32
	EndGlobalSection
	GlobalSection(SolutionProperties) = preSolution
		HideSolutionNode = FALSE
	EndGlobalSection
	GlobalSection(ExtensibilityGlobals) = postSolution
		SolutionGuid = {C34A9407-A52D-47A2-AD17-26A65B5AB6C5}
	EndGlobalSection
EndGlobal
