
Microsoft Visual Studio Solution File, Format Version 12.00
# Visual Studio Version 16
VisualStudioVersion = 16.0.29503.13
MinimumVisualStudioVersion = 10.0.40219.1
Project("{8BC9CEB8-8B4A-11D0-8D11-00A0C91BC942}") = "21_541_557", "21_541_557.vcxproj", "{6A7AF43F-3AD4-4420-9096-1E7BA60635D4}"
EndProject
Global
	GlobalSection(SolutionConfigurationPlatforms) = preSolution
		Debug|x64 = Debug|x64
		Debug|x86 = Debug|x86
		Release|x64 = Release|x64
		Release|x86 = Release|x86
	EndGlobalSection
	GlobalSection(ProjectConfigurationPlatforms) = postSolution
		{6A7AF43F-3AD4-4420-9096-1E7BA60635D4}.Debug|x64.ActiveCfg = Debug|x64
		{6A7AF43F-3AD4-4420-9096-1E7BA60635D4}.Debug|x64.Build.0 = Debug|x64
		{6A7AF43F-3AD4-4420-9096-1E7BA60635D4}.Debug|x86.ActiveCfg = Debug|Win32
		{6A7AF43F-3AD4-4420-9096-1E7BA60635D4}.Debug|x86.Build.0 = Debug|Win32
		{6A7AF43F-3AD4-4420-9096-1E7BA60635D4}.Release|x64.ActiveCfg = Release|x64
		{6A7AF43F-3AD4-4420-9096-1E7BA60635D4}.Release|x64.Build.0 = Release|x64
		{6A7AF43F-3AD4-4420-9096-1E7BA60635D4}.Release|x86.ActiveCfg = Release|Win32
		{6A7AF43F-3AD4-4420-9096-1E7BA60635D4}.Release|x86.Build.0 = Release|Win32
	EndGlobalSection
	GlobalSection(SolutionProperties) = preSolution
		HideSolutionNode = FALSE
	EndGlobalSection
	GlobalSection(ExtensibilityGlobals) = postSolution
		SolutionGuid = {2D4D1A40-8B2E-4CC6-8D6A-D61585106897}
	EndGlobalSection
EndGlobal
